<?xml version="1.0" encoding="utf-8"?>
<Project ToolsVersion="4.0" xmlns="http://schemas.microsoft.com/developer/msbuild/2003">
  <ItemGroup>
    <Filter Include="Pliki źródłowe">
      <UniqueIdentifier>{4FC737F1-C7A5-4376-A066-2A32D752A2FF}</UniqueIdentifier>
      <Extensions>cpp;c;cc;cxx;c++;cppm;ixx;def;odl;idl;hpj;bat;asm;asmx</Extensions>
    </Filter>
    <Filter Include="Pliki nagłówkowe">
      <UniqueIdentifier>{93995380-89BD-4b04-88EB-625FBE52EBFB}</UniqueIdentifier>
      <Extensions>h;hh;hpp;hxx;h++;hm;inl;inc;ipp;xsd</Extensions>
    </Filter>
    <Filter Include="Pliki zasobów">
      <UniqueIdentifier>{67DA6AB6-F800-4c08-8B7A-83BB121AAD01}</UniqueIdentifier>
      <Extensions>rc;ico;cur;bmp;dlg;rc2;rct;bin;rgs;gif;jpg;jpeg;jpe;resx;tiff;tif;png;wav;mfcribbon-ms</Extensions>
    </Filter>
  </ItemGroup>
  <ItemGroup>
    <ClCompile Include="main.cpp">
      <Filter>Pliki źródłowe</Filter>
    </ClCompile>
    <ClCompile Include="fundamentalsApp.cpp">
      <Filter>Pliki źródłowe</Filter>
    </ClCompile>
    <ClCompile Include="glad.c">
      <Filter>Pliki źródłowe</Filter>
    </ClCompile>
    <ClCompile Include="glInit.cpp">
      <Filter>Pliki źródłowe</Filter>
    </ClCompile>
    <ClCompile Include="glShaderCreation.cpp">
      <Filter>Pliki źródłowe</Filter>
    </ClCompile>
    <ClCompile Include="glWindow.cpp">
      <Filter>Pliki źródłowe</Filter>
    </ClCompile>
    <ClCompile Include="glInput.cpp">
      <Filter>Pliki źródłowe</Filter>
    </ClCompile>
    <ClCompile Include="glShaderProgram.cpp">
      <Filter>Pliki źródłowe</Filter>
    </ClCompile>
    <ClCompile Include="glBuffor.cpp">
      <Filter>Pliki źródłowe</Filter>
    </ClCompile>
    <ClCompile Include="glDraw.cpp">
      <Filter>Pliki źródłowe</Filter>
    </ClCompile>
    <ClCompile Include="stb_image.cpp">
      <Filter>Pliki źródłowe</Filter>
    </ClCompile>
    <ClCompile Include="glTextureLoader.cpp">
      <Filter>Pliki źródłowe</Filter>
    </ClCompile>
  </ItemGroup>
  <ItemGroup>
    <ClInclude Include="fundamentalsApp.hpp">
      <Filter>Pliki źródłowe</Filter>
    </ClInclude>
    <ClInclude Include="glInit.hpp">
      <Filter>Pliki źródłowe</Filter>
    </ClInclude>
    <ClInclude Include="glShaderCreation.hpp">
      <Filter>Pliki źródłowe</Filter>
    </ClInclude>
    <ClInclude Include="glWindow.hpp">
      <Filter>Pliki źródłowe</Filter>
    </ClInclude>
    <ClInclude Include="glInput.hpp">
      <Filter>Pliki źródłowe</Filter>
    </ClInclude>
    <ClInclude Include="glShaderProgram.hpp">
      <Filter>Pliki źródłowe</Filter>
    </ClInclude>
    <ClInclude Include="glBuffor.hpp">
      <Filter>Pliki źródłowe</Filter>
    </ClInclude>
    <ClInclude Include="glDraw.hpp">
      <Filter>Pliki źródłowe</Filter>
    </ClInclude>
    <ClInclude Include="stb_image.h">
      <Filter>Pliki nagłówkowe</Filter>
    </ClInclude>
    <ClInclude Include="glTextureLoader.hpp">
      <Filter>Pliki źródłowe</Filter>
    </ClInclude>
  </ItemGroup>
  <ItemGroup>
    <None Include="vertexShader.vert">
      <Filter>Pliki źródłowe</Filter>
    </None>
    <None Include="fragmentShader.frag">
      <Filter>Pliki źródłowe</Filter>
    </None>
  </ItemGroup>
  <ItemGroup>
    <Text Include="vertices.txt">
      <Filter>Pliki źródłowe</Filter>
    </Text>
    <Text Include="indices.txt">
      <Filter>Pliki źródłowe</Filter>
    </Text>
  </ItemGroup>
  <ItemGroup>
    <Image Include="wall.jpg">
      <Filter>Pliki źródłowe</Filter>
    </Image>
  </ItemGroup>
</Project>